
Microsoft Visual Studio Solution File, Format Version 12.00
# Visual Studio Version 17
VisualStudioVersion = 17.5.002.0
MinimumVisualStudioVersion = 10.0.40219.1
Project("{9A19103F-16F7-4668-BE54-9A1E7A4F7556}") = "Control Work", "Control Work.csproj", "{2B875732-85EF-4559-A4ED-4BEC57599C42}"
EndProject
Global
	GlobalSection(SolutionConfigurationPlatforms) = preSolution
		Debug|Any CPU = Debug|Any CPU
		Release|Any CPU = Release|Any CPU
	EndGlobalSection
	GlobalSection(ProjectConfigurationPlatforms) = postSolution
		{2B875732-85EF-4559-A4ED-4BEC57599C42}.Debug|Any CPU.ActiveCfg = Debug|Any CPU
		{2B875732-85EF-4559-A4ED-4BEC57599C42}.Debug|Any CPU.Build.0 = Debug|Any CPU
		{2B875732-85EF-4559-A4ED-4BEC57599C42}.Release|Any CPU.ActiveCfg = Release|Any CPU
		{2B875732-85EF-4559-A4ED-4BEC57599C42}.Release|Any CPU.Build.0 = Release|Any CPU
	EndGlobalSection
	GlobalSection(SolutionProperties) = preSolution
		HideSolutionNode = FALSE
	EndGlobalSection
	GlobalSection(ExtensibilityGlobals) = postSolution
		SolutionGuid = {C37FDF6A-AAEB-45A3-BB05-ADE3DA9D65D3}
	EndGlobalSection
EndGlobal
